// !$*UTF8*$!
{
	archiveVersion = 1;
	classes = {
	};
	objectVersion = 50;
	objects = {

/* Begin PBXBuildFile section */
		1281E72D2400C89000E2B045 /* AppDelegate.swift in Sources */ = {isa = PBXBuildFile; fileRef = 1281E72C2400C89000E2B045 /* AppDelegate.swift */; };
		1281E72F2400C89000E2B045 /* SceneDelegate.swift in Sources */ = {isa = PBXBuildFile; fileRef = 1281E72E2400C89000E2B045 /* SceneDelegate.swift */; };
		1281E7312400C89000E2B045 /* ViewController.swift in Sources */ = {isa = PBXBuildFile; fileRef = 1281E7302400C89000E2B045 /* ViewController.swift */; };
		1281E7342400C89000E2B045 /* Main.storyboard in Resources */ = {isa = PBXBuildFile; fileRef = 1281E7322400C89000E2B045 /* Main.storyboard */; };
		1281E7362400C8A100E2B045 /* Assets.xcassets in Resources */ = {isa = PBXBuildFile; fileRef = 1281E7352400C8A100E2B045 /* Assets.xcassets */; };
		1281E7392400C8A100E2B045 /* LaunchScreen.storyboard in Resources */ = {isa = PBXBuildFile; fileRef = 1281E7372400C8A100E2B045 /* LaunchScreen.storyboard */; };
		1281E7442400C8A300E2B045 /* FlashcardsTests.swift in Sources */ = {isa = PBXBuildFile; fileRef = 1281E7432400C8A300E2B045 /* FlashcardsTests.swift */; };
		1281E74F2400C8A300E2B045 /* FlashcardsUITests.swift in Sources */ = {isa = PBXBuildFile; fileRef = 1281E74E2400C8A300E2B045 /* FlashcardsUITests.swift */; };
/* End PBXBuildFile section */

/* Begin PBXContainerItemProxy section */
		1281E7402400C8A300E2B045 /* PBXContainerItemProxy */ = {
			isa = PBXContainerItemProxy;
			containerPortal = 1281E7212400C89000E2B045 /* Project object */;
			proxyType = 1;
			remoteGlobalIDString = 1281E7282400C89000E2B045;
			remoteInfo = Flashcards;
		};
		1281E74B2400C8A300E2B045 /* PBXContainerItemProxy */ = {
			isa = PBXContainerItemProxy;
			containerPortal = 1281E7212400C89000E2B045 /* Project object */;
			proxyType = 1;
			remoteGlobalIDString = 1281E7282400C89000E2B045;
			remoteInfo = Flashcards;
		};
/* End PBXContainerItemProxy section */

/* Begin PBXFileReference section */
		1281E7292400C89000E2B045 /* Flashcards.app */ = {isa = PBXFileReference; explicitFileType = wrapper.application; includeInIndex = 0; path = Flashcards.app; sourceTree = BUILT_PRODUCTS_DIR; };
		1281E72C2400C89000E2B045 /* AppDelegate.swift */ = {isa = PBXFileReference; lastKnownFileType = sourcecode.swift; path = AppDelegate.swift; sourceTree = "<group>"; };
		1281E72E2400C89000E2B045 /* SceneDelegate.swift */ = {isa = PBXFileReference; lastKnownFileType = sourcecode.swift; path = SceneDelegate.swift; sourceTree = "<group>"; };
		1281E7302400C89000E2B045 /* ViewController.swift */ = {isa = PBXFileReference; lastKnownFileType = sourcecode.swift; path = ViewController.swift; sourceTree = "<group>"; };
		1281E7332400C89000E2B045 /* Base */ = {isa = PBXFileReference; lastKnownFileType = file.storyboard; name = Base; path = Base.lproj/Main.storyboard; sourceTree = "<group>"; };
		1281E7352400C8A100E2B045 /* Assets.xcassets */ = {isa = PBXFileReference; lastKnownFileType = folder.assetcatalog; path = Assets.xcassets; sourceTree = "<group>"; };
		1281E7382400C8A100E2B045 /* Base */ = {isa = PBXFileReference; lastKnownFileType = file.storyboard; name = Base; path = Base.lproj/LaunchScreen.storyboard; sourceTree = "<group>"; };
		1281E73A2400C8A100E2B045 /* Info.plist */ = {isa = PBXFileReference; lastKnownFileType = text.plist.xml; path = Info.plist; sourceTree = "<group>"; };
		1281E73F2400C8A300E2B045 /* FlashcardsTests.xctest */ = {isa = PBXFileReference; explicitFileType = wrapper.cfbundle; includeInIndex = 0; path = FlashcardsTests.xctest; sourceTree = BUILT_PRODUCTS_DIR; };
		1281E7432400C8A300E2B045 /* FlashcardsTests.swift */ = {isa = PBXFileReference; lastKnownFileType = sourcecode.swift; path = FlashcardsTests.swift; sourceTree = "<group>"; };
		1281E7452400C8A300E2B045 /* Info.plist */ = {isa = PBXFileReference; lastKnownFileType = text.plist.xml; path = Info.plist; sourceTree = "<group>"; };
		1281E74A2400C8A300E2B045 /* FlashcardsUITests.xctest */ = {isa = PBXFileReference; explicitFileType = wrapper.cfbundle; includeInIndex = 0; path = FlashcardsUITests.xctest; sourceTree = BUILT_PRODUCTS_DIR; };
		1281E74E2400C8A300E2B045 /* FlashcardsUITests.swift */ = {isa = PBXFileReference; lastKnownFileType = sourcecode.swift; path = FlashcardsUITests.swift; sourceTree = "<group>"; };
		1281E7502400C8A300E2B045 /* Info.plist */ = {isa = PBXFileReference; lastKnownFileType = text.plist.xml; path = Info.plist; sourceTree = "<group>"; };
/* End PBXFileReference section */

/* Begin PBXFrameworksBuildPhase section */
		1281E7262400C89000E2B045 /* Frameworks */ = {
			isa = PBXFrameworksBuildPhase;
			buildActionMask = 2147483647;
			files = (
			);
			runOnlyForDeploymentPostprocessing = 0;
		};
		1281E73C2400C8A300E2B045 /* Frameworks */ = {
			isa = PBXFrameworksBuildPhase;
			buildActionMask = 2147483647;
			files = (
			);
			runOnlyForDeploymentPostprocessing = 0;
		};
		1281E7472400C8A300E2B045 /* Frameworks */ = {
			isa = PBXFrameworksBuildPhase;
			buildActionMask = 2147483647;
			files = (
			);
			runOnlyForDeploymentPostprocessing = 0;
		};
/* End PBXFrameworksBuildPhase section */

/* Begin PBXGroup section */
		1281E7202400C89000E2B045 = {
			isa = PBXGroup;
			children = (
				1281E72B2400C89000E2B045 /* Flashcards */,
				1281E7422400C8A300E2B045 /* FlashcardsTests */,
				1281E74D2400C8A300E2B045 /* FlashcardsUITests */,
				1281E72A2400C89000E2B045 /* Products */,
			);
			sourceTree = "<group>";
		};
		1281E72A2400C89000E2B045 /* Products */ = {
			isa = PBXGroup;
			children = (
				1281E7292400C89000E2B045 /* Flashcards.app */,
				1281E73F2400C8A300E2B045 /* FlashcardsTests.xctest */,
				1281E74A2400C8A300E2B045 /* FlashcardsUITests.xctest */,
			);
			name = Products;
			sourceTree = "<group>";
		};
		1281E72B2400C89000E2B045 /* Flashcards */ = {
			isa = PBXGroup;
			children = (
				1281E72C2400C89000E2B045 /* AppDelegate.swift */,
				1281E72E2400C89000E2B045 /* SceneDelegate.swift */,
				1281E7302400C89000E2B045 /* ViewController.swift */,
				1281E7322400C89000E2B045 /* Main.storyboard */,
				1281E7352400C8A100E2B045 /* Assets.xcassets */,
				1281E7372400C8A100E2B045 /* LaunchScreen.storyboard */,
				1281E73A2400C8A100E2B045 /* Info.plist */,
			);
			path = Flashcards;
			sourceTree = "<group>";
		};
		1281E7422400C8A300E2B045 /* FlashcardsTests */ = {
			isa = PBXGroup;
			children = (
				1281E7432400C8A300E2B045 /* FlashcardsTests.swift */,
				1281E7452400C8A300E2B045 /* Info.plist */,
			);
			path = FlashcardsTests;
			sourceTree = "<group>";
		};
		1281E74D2400C8A300E2B045 /* FlashcardsUITests */ = {
			isa = PBXGroup;
			children = (
				1281E74E2400C8A300E2B045 /* FlashcardsUITests.swift */,
				1281E7502400C8A300E2B045 /* Info.plist */,
			);
			path = FlashcardsUITests;
			sourceTree = "<group>";
		};
/* End PBXGroup section */

/* Begin PBXNativeTarget section */
		1281E7282400C89000E2B045 /* Flashcards */ = {
			isa = PBXNativeTarget;
			buildConfigurationList = 1281E7532400C8A300E2B045 /* Build configuration list for PBXNativeTarget "Flashcards" */;
			buildPhases = (
				1281E7252400C89000E2B045 /* Sources */,
				1281E7262400C89000E2B045 /* Frameworks */,
				1281E7272400C89000E2B045 /* Resources */,
			);
			buildRules = (
			);
			dependencies = (
			);
			name = Flashcards;
			productName = Flashcards;
			productReference = 1281E7292400C89000E2B045 /* Flashcards.app */;
			productType = "com.apple.product-type.application";
		};
		1281E73E2400C8A300E2B045 /* FlashcardsTests */ = {
			isa = PBXNativeTarget;
			buildConfigurationList = 1281E7562400C8A300E2B045 /* Build configuration list for PBXNativeTarget "FlashcardsTests" */;
			buildPhases = (
				1281E73B2400C8A300E2B045 /* Sources */,
				1281E73C2400C8A300E2B045 /* Frameworks */,
				1281E73D2400C8A300E2B045 /* Resources */,
			);
			buildRules = (
			);
			dependencies = (
				1281E7412400C8A300E2B045 /* PBXTargetDependency */,
			);
			name = FlashcardsTests;
			productName = FlashcardsTests;
			productReference = 1281E73F2400C8A300E2B045 /* FlashcardsTests.xctest */;
			productType = "com.apple.product-type.bundle.unit-test";
		};
		1281E7492400C8A300E2B045 /* FlashcardsUITests */ = {
			isa = PBXNativeTarget;
			buildConfigurationList = 1281E7592400C8A300E2B045 /* Build configuration list for PBXNativeTarget "FlashcardsUITests" */;
			buildPhases = (
				1281E7462400C8A300E2B045 /* Sources */,
				1281E7472400C8A300E2B045 /* Frameworks */,
				1281E7482400C8A300E2B045 /* Resources */,
			);
			buildRules = (
			);
			dependencies = (
				1281E74C2400C8A300E2B045 /* PBXTargetDependency */,
			);
			name = FlashcardsUITests;
			productName = FlashcardsUITests;
			productReference = 1281E74A2400C8A300E2B045 /* FlashcardsUITests.xctest */;
			productType = "com.apple.product-type.bundle.ui-testing";
		};
/* End PBXNativeTarget section */

/* Begin PBXProject section */
		1281E7212400C89000E2B045 /* Project object */ = {
			isa = PBXProject;
			attributes = {
				LastSwiftUpdateCheck = 1130;
				LastUpgradeCheck = 1130;
				ORGANIZATIONNAME = "Amith Rana";
				TargetAttributes = {
					1281E7282400C89000E2B045 = {
						CreatedOnToolsVersion = 11.3.1;
					};
					1281E73E2400C8A300E2B045 = {
						CreatedOnToolsVersion = 11.3.1;
						TestTargetID = 1281E7282400C89000E2B045;
					};
					1281E7492400C8A300E2B045 = {
						CreatedOnToolsVersion = 11.3.1;
						TestTargetID = 1281E7282400C89000E2B045;
					};
				};
			};
			buildConfigurationList = 1281E7242400C89000E2B045 /* Build configuration list for PBXProject "Flashcards" */;
			compatibilityVersion = "Xcode 9.3";
			developmentRegion = en;
			hasScannedForEncodings = 0;
			knownRegions = (
				en,
				Base,
			);
			mainGroup = 1281E7202400C89000E2B045;
			productRefGroup = 1281E72A2400C89000E2B045 /* Products */;
			projectDirPath = "";
			projectRoot = "";
			targets = (
				1281E7282400C89000E2B045 /* Flashcards */,
				1281E73E2400C8A300E2B045 /* FlashcardsTests */,
				1281E7492400C8A300E2B045 /* FlashcardsUITests */,
			);
		};
/* End PBXProject section */

/* Begin PBXResourcesBuildPhase section */
		1281E7272400C89000E2B045 /* Resources */ = {
			isa = PBXResourcesBuildPhase;
			buildActionMask = 2147483647;
			files = (
				1281E7392400C8A100E2B045 /* LaunchScreen.storyboard in Resources */,
				1281E7362400C8A100E2B045 /* Assets.xcassets in Resources */,
				1281E7342400C89000E2B045 /* Main.storyboard in Resources */,
			);
			runOnlyForDeploymentPostprocessing = 0;
		};
		1281E73D2400C8A300E2B045 /* Resources */ = {
			isa = PBXResourcesBuildPhase;
			buildActionMask = 2147483647;
			files = (
			);
			runOnlyForDeploymentPostprocessing = 0;
		};
		1281E7482400C8A300E2B045 /* Resources */ = {
			isa = PBXResourcesBuildPhase;
			buildActionMask = 2147483647;
			files = (
			);
			runOnlyForDeploymentPostprocessing = 0;
		};
/* End PBXResourcesBuildPhase section */

/* Begin PBXSourcesBuildPhase section */
		1281E7252400C89000E2B045 /* Sources */ = {
			isa = PBXSourcesBuildPhase;
			buildActionMask = 2147483647;
			files = (
				1281E7312400C89000E2B045 /* ViewController.swift in Sources */,
				1281E72D2400C89000E2B045 /* AppDelegate.swift in Sources */,
				1281E72F2400C89000E2B045 /* SceneDelegate.swift in Sources */,
			);
			runOnlyForDeploymentPostprocessing = 0;
		};
		1281E73B2400C8A300E2B045 /* Sources */ = {
			isa = PBXSourcesBuildPhase;
			buildActionMask = 2147483647;
			files = (
				1281E7442400C8A300E2B045 /* FlashcardsTests.swift in Sources */,
			);
			runOnlyForDeploymentPostprocessing = 0;
		};
		1281E7462400C8A300E2B045 /* Sources */ = {
			isa = PBXSourcesBuildPhase;
			buildActionMask = 2147483647;
			files = (
				1281E74F2400C8A300E2B045 /* FlashcardsUITests.swift in Sources */,
			);
			runOnlyForDeploymentPostprocessing = 0;
		};
/* End PBXSourcesBuildPhase section */

/* Begin PBXTargetDependency section */
		1281E7412400C8A300E2B045 /* PBXTargetDependency */ = {
			isa = PBXTargetDependency;
			target = 1281E7282400C89000E2B045 /* Flashcards */;
			targetProxy = 1281E7402400C8A300E2B045 /* PBXContainerItemProxy */;
		};
		1281E74C2400C8A300E2B045 /* PBXTargetDependency */ = {
			isa = PBXTargetDependency;
			target = 1281E7282400C89000E2B045 /* Flashcards */;
			targetProxy = 1281E74B2400C8A300E2B045 /* PBXContainerItemProxy */;
		};
/* End PBXTargetDependency section */

/* Begin PBXVariantGroup section */
		1281E7322400C89000E2B045 /* Main.storyboard */ = {
			isa = PBXVariantGroup;
			children = (
				1281E7332400C89000E2B045 /* Base */,
			);
			name = Main.storyboard;
			sourceTree = "<group>";
		};
		1281E7372400C8A100E2B045 /* LaunchScreen.storyboard */ = {
			isa = PBXVariantGroup;
			children = (
				1281E7382400C8A100E2B045 /* Base */,
			);
			name = LaunchScreen.storyboard;
			sourceTree = "<group>";
		};
/* End PBXVariantGroup section */

/* Begin XCBuildConfiguration section */
		1281E7512400C8A300E2B045 /* Debug */ = {
			isa = XCBuildConfiguration;
			buildSettings = {
				ALWAYS_SEARCH_USER_PATHS = NO;
				CLANG_ANALYZER_NONNULL = YES;
				CLANG_ANALYZER_NUMBER_OBJECT_CONVERSION = YES_AGGRESSIVE;
				CLANG_CXX_LANGUAGE_STANDARD = "gnu++14";
				CLANG_CXX_LIBRARY = "libc++";
				CLANG_ENABLE_MODULES = YES;
				CLANG_ENABLE_OBJC_ARC = YES;
				CLANG_ENABLE_OBJC_WEAK = YES;
				CLANG_WARN_BLOCK_CAPTURE_AUTORELEASING = YES;
				CLANG_WARN_BOOL_CONVERSION = YES;
				CLANG_WARN_COMMA = YES;
				CLANG_WARN_CONSTANT_CONVERSION = YES;
				CLANG_WARN_DEPRECATED_OBJC_IMPLEMENTATIONS = YES;
				CLANG_WARN_DIRECT_OBJC_ISA_USAGE = YES_ERROR;
				CLANG_WARN_DOCUMENTATION_COMMENTS = YES;
				CLANG_WARN_EMPTY_BODY = YES;
				CLANG_WARN_ENUM_CONVERSION = YES;
				CLANG_WARN_INFINITE_RECURSION = YES;
				CLANG_WARN_INT_CONVERSION = YES;
				CLANG_WARN_NON_LITERAL_NULL_CONVERSION = YES;
				CLANG_WARN_OBJC_IMPLICIT_RETAIN_SELF = YES;
				CLANG_WARN_OBJC_LITERAL_CONVERSION = YES;
				CLANG_WARN_OBJC_ROOT_CLASS = YES_ERROR;
				CLANG_WARN_RANGE_LOOP_ANALYSIS = YES;
				CLANG_WARN_STRICT_PROTOTYPES = YES;
				CLANG_WARN_SUSPICIOUS_MOVE = YES;
				CLANG_WARN_UNGUARDED_AVAILABILITY = YES_AGGRESSIVE;
				CLANG_WARN_UNREACHABLE_CODE = YES;
				CLANG_WARN__DUPLICATE_METHOD_MATCH = YES;
				COPY_PHASE_STRIP = NO;
				DEBUG_INFORMATION_FORMAT = dwarf;
				ENABLE_STRICT_OBJC_MSGSEND = YES;
				ENABLE_TESTABILITY = YES;
				GCC_C_LANGUAGE_STANDARD = gnu11;
				GCC_DYNAMIC_NO_PIC = NO;
				GCC_NO_COMMON_BLOCKS = YES;
				GCC_OPTIMIZATION_LEVEL = 0;
				GCC_PREPROCESSOR_DEFINITIONS = (
					"DEBUG=1",
					"$(inherited)",
				);
				GCC_WARN_64_TO_32_BIT_CONVERSION = YES;
				GCC_WARN_ABOUT_RETURN_TYPE = YES_ERROR;
				GCC_WARN_UNDECLARED_SELECTOR = YES;
				GCC_WARN_UNINITIALIZED_AUTOS = YES_AGGRESSIVE;
				GCC_WARN_UNUSED_FUNCTION = YES;
				GCC_WARN_UNUSED_VARIABLE = YES;
				IPHONEOS_DEPLOYMENT_TARGET = 13.2;
				MTL_ENABLE_DEBUG_INFO = INCLUDE_SOURCE;
				MTL_FAST_MATH = YES;
				ONLY_ACTIVE_ARCH = YES;
				SDKROOT = iphoneos;
				SWIFT_ACTIVE_COMPILATION_CONDITIONS = DEBUG;
				SWIFT_OPTIMIZATION_LEVEL = "-Onone";
			};
			name = Debug;
		};
		1281E7522400C8A300E2B045 /* Release */ = {
			isa = XCBuildConfiguration;
			buildSettings = {
				ALWAYS_SEARCH_USER_PATHS = NO;
				CLANG_ANALYZER_NONNULL = YES;
				CLANG_ANALYZER_NUMBER_OBJECT_CONVERSION = YES_AGGRESSIVE;
				CLANG_CXX_LANGUAGE_STANDARD = "gnu++14";
				CLANG_CXX_LIBRARY = "libc++";
				CLANG_ENABLE_MODULES = YES;
				CLANG_ENABLE_OBJC_ARC = YES;
				CLANG_ENABLE_OBJC_WEAK = YES;
				CLANG_WARN_BLOCK_CAPTURE_AUTORELEASING = YES;
				CLANG_WARN_BOOL_CONVERSION = YES;
				CLANG_WARN_COMMA = YES;
				CLANG_WARN_CONSTANT_CONVERSION = YES;
				CLANG_WARN_DEPRECATED_OBJC_IMPLEMENTATIONS = YES;
				CLANG_WARN_DIRECT_OBJC_ISA_USAGE = YES_ERROR;
				CLANG_WARN_DOCUMENTATION_COMMENTS = YES;
				CLANG_WARN_EMPTY_BODY = YES;
				CLANG_WARN_ENUM_CONVERSION = YES;
				CLANG_WARN_INFINITE_RECURSION = YES;
				CLANG_WARN_INT_CONVERSION = YES;
				CLANG_WARN_NON_LITERAL_NULL_CONVERSION = YES;
				CLANG_WARN_OBJC_IMPLICIT_RETAIN_SELF = YES;
				CLANG_WARN_OBJC_LITERAL_CONVERSION = YES;
				CLANG_WARN_OBJC_ROOT_CLASS = YES_ERROR;
				CLANG_WARN_RANGE_LOOP_ANALYSIS = YES;
				CLANG_WARN_STRICT_PROTOTYPES = YES;
				CLANG_WARN_SUSPICIOUS_MOVE = YES;
				CLANG_WARN_UNGUARDED_AVAILABILITY = YES_AGGRESSIVE;
				CLANG_WARN_UNREACHABLE_CODE = YES;
				CLANG_WARN__DUPLICATE_METHOD_MATCH = YES;
				COPY_PHASE_STRIP = NO;
				DEBUG_INFORMATION_FORMAT = "dwarf-with-dsym";
				ENABLE_NS_ASSERTIONS = NO;
				ENABLE_STRICT_OBJC_MSGSEND = YES;
				GCC_C_LANGUAGE_STANDARD = gnu11;
				GCC_NO_COMMON_BLOCKS = YES;
				GCC_WARN_64_TO_32_BIT_CONVERSION = YES;
				GCC_WARN_ABOUT_RETURN_TYPE = YES_ERROR;
				GCC_WARN_UNDECLARED_SELECTOR = YES;
				GCC_WARN_UNINITIALIZED_AUTOS = YES_AGGRESSIVE;
				GCC_WARN_UNUSED_FUNCTION = YES;
				GCC_WARN_UNUSED_VARIABLE = YES;
				IPHONEOS_DEPLOYMENT_TARGET = 13.2;
				MTL_ENABLE_DEBUG_INFO = NO;
				MTL_FAST_MATH = YES;
				SDKROOT = iphoneos;
				SWIFT_COMPILATION_MODE = wholemodule;
				SWIFT_OPTIMIZATION_LEVEL = "-O";
				VALIDATE_PRODUCT = YES;
			};
			name = Release;
		};
		1281E7542400C8A300E2B045 /* Debug */ = {
			isa = XCBuildConfiguration;
			buildSettings = {
				ASSETCATALOG_COMPILER_APPICON_NAME = AppIcon;
				CODE_SIGN_STYLE = Automatic;
				INFOPLIST_FILE = Flashcards/Info.plist;
				LD_RUNPATH_SEARCH_PATHS = (
					"$(inherited)",
					"@executable_path/Frameworks",
				);
				PRODUCT_BUNDLE_IDENTIFIER = com.amithrana.Flashcards;
				PRODUCT_NAME = "$(TARGET_NAME)";
				SWIFT_VERSION = 5.0;
				TARGETED_DEVICE_FAMILY = "1,2";
			};
			name = Debug;
		};
		1281E7552400C8A300E2B045 /* Release */ = {
			isa = XCBuildConfiguration;
			buildSettings = {
				ASSETCATALOG_COMPILER_APPICON_NAME = AppIcon;
				CODE_SIGN_STYLE = Automatic;
				INFOPLIST_FILE = Flashcards/Info.plist;
				LD_RUNPATH_SEARCH_PATHS = (
					"$(inherited)",
					"@executable_path/Frameworks",
				);
				PRODUCT_BUNDLE_IDENTIFIER = com.amithrana.Flashcards;
				PRODUCT_NAME = "$(TARGET_NAME)";
				SWIFT_VERSION = 5.0;
				TARGETED_DEVICE_FAMILY = "1,2";
			};
			name = Release;
		};
		1281E7572400C8A300E2B045 /* Debug */ = {
			isa = XCBuildConfiguration;
			buildSettings = {
				ALWAYS_EMBED_SWIFT_STANDARD_LIBRARIES = YES;
				BUNDLE_LOADER = "$(TEST_HOST)";
				CODE_SIGN_STYLE = Automatic;
				INFOPLIST_FILE = FlashcardsTests/Info.plist;
				IPHONEOS_DEPLOYMENT_TARGET = 13.2;
				LD_RUNPATH_SEARCH_PATHS = (
					"$(inherited)",
					"@executable_path/Frameworks",
					"@loader_path/Frameworks",
				);
				PRODUCT_BUNDLE_IDENTIFIER = com.amithrana.FlashcardsTests;
				PRODUCT_NAME = "$(TARGET_NAME)";
				SWIFT_VERSION = 5.0;
				TARGETED_DEVICE_FAMILY = "1,2";
				TEST_HOST = "$(BUILT_PRODUCTS_DIR)/Flashcards.app/Flashcards";
			};
			name = Debug;
		};
		1281E7582400C8A300E2B045 /* Release */ = {
			isa = XCBuildConfiguration;
			buildSettings = {
				ALWAYS_EMBED_SWIFT_STANDARD_LIBRARIES = YES;
				BUNDLE_LOADER = "$(TEST_HOST)";
				CODE_SIGN_STYLE = Automatic;
				INFOPLIST_FILE = FlashcardsTests/Info.plist;
				IPHONEOS_DEPLOYMENT_TARGET = 13.2;
				LD_RUNPATH_SEARCH_PATHS = (
					"$(inherited)",
					"@executable_path/Frameworks",
					"@loader_path/Frameworks",
				);
				PRODUCT_BUNDLE_IDENTIFIER = com.amithrana.FlashcardsTests;
				PRODUCT_NAME = "$(TARGET_NAME)";
				SWIFT_VERSION = 5.0;
				TARGETED_DEVICE_FAMILY = "1,2";
				TEST_HOST = "$(BUILT_PRODUCTS_DIR)/Flashcards.app/Flashcards";
			};
			name = Release;
		};
		1281E75A2400C8A300E2B045 /* Debug */ = {
			isa = XCBuildConfiguration;
			buildSettings = {
				ALWAYS_EMBED_SWIFT_STANDARD_LIBRARIES = YES;
				CODE_SIGN_STYLE = Automatic;
				INFOPLIST_FILE = FlashcardsUITests/Info.plist;
				LD_RUNPATH_SEARCH_PATHS = (
					"$(inherited)",
					"@executable_path/Frameworks",
					"@loader_path/Frameworks",
				);
				PRODUCT_BUNDLE_IDENTIFIER = com.amithrana.FlashcardsUITests;
				PRODUCT_NAME = "$(TARGET_NAME)";
				SWIFT_VERSION = 5.0;
				TARGETED_DEVICE_FAMILY = "1,2";
				TEST_TARGET_NAME = Flashcards;
			};
			name = Debug;
		};
		1281E75B2400C8A300E2B045 /* Release */ = {
			isa = XCBuildConfiguration;
			buildSettings = {
				ALWAYS_EMBED_SWIFT_STANDARD_LIBRARIES = YES;
				CODE_SIGN_STYLE = Automatic;
				INFOPLIST_FILE = FlashcardsUITests/Info.plist;
				LD_RUNPATH_SEARCH_PATHS = (
					"$(inherited)",
					"@executable_path/Frameworks",
					"@loader_path/Frameworks",
				);
				PRODUCT_BUNDLE_IDENTIFIER = com.amithrana.FlashcardsUITests;
				PRODUCT_NAME = "$(TARGET_NAME)";
				SWIFT_VERSION = 5.0;
				TARGETED_DEVICE_FAMILY = "1,2";
				TEST_TARGET_NAME = Flashcards;
			};
			name = Release;
		};
/* End XCBuildConfiguration section */

/* Begin XCConfigurationList section */
		1281E7242400C89000E2B045 /* Build configuration list for PBXProject "Flashcards" */ = {
			isa = XCConfigurationList;
			buildConfigurations = (
				1281E7512400C8A300E2B045 /* Debug */,
				1281E7522400C8A300E2B045 /* Release */,
			);
			defaultConfigurationIsVisible = 0;
			defaultConfigurationName = Release;
		};
		1281E7532400C8A300E2B045 /* Build configuration list for PBXNativeTarget "Flashcards" */ = {
			isa = XCConfigurationList;
			buildConfigurations = (
				1281E7542400C8A300E2B045 /* Debug */,
				1281E7552400C8A300E2B045 /* Release */,
			);
			defaultConfigurationIsVisible = 0;
			defaultConfigurationName = Release;
		};
		1281E7562400C8A300E2B045 /* Build configuration list for PBXNativeTarget "FlashcardsTests" */ = {
			isa = XCConfigurationList;
			buildConfigurations = (
				1281E7572400C8A300E2B045 /* Debug */,
				1281E7582400C8A300E2B045 /* Release */,
			);
			defaultConfigurationIsVisible = 0;
			defaultConfigurationName = Release;
		};
		1281E7592400C8A300E2B045 /* Build configuration list for PBXNativeTarget "FlashcardsUITests" */ = {
			isa = XCConfigurationList;
			buildConfigurations = (
				1281E75A2400C8A300E2B045 /* Debug */,
				1281E75B2400C8A300E2B045 /* Release */,
			);
			defaultConfigurationIsVisible = 0;
			defaultConfigurationName = Release;
		};
/* End XCConfigurationList section */
	};
	rootObject = 1281E7212400C89000E2B045 /* Project object */;
}
